GEM
  remote: https://rubygems.org/
  specs:
    bigdecimal (4.1.3)
    csv (3.3.6)
    httparty (0.24.3)
      csv
      mini_mime (>= 1.0.0)
      multi_xml (>= 0.5.2)
    mini_mime (1.1.5)
    multi_xml (0.9.1)
      bigdecimal (>= 3.1, < 5)
    tk (0.6.0)

PLATFORMS
  x64-mingw-ucrt

DEPENDENCIES
  httparty (~> 0.24.3)
  tk (~> 0.6.0)

BUNDLED WITH
   2.6.9
